github.com/golang/snappy v0.0.1 h1:Qgr9rKW7uDUkrbSmQeiDsGa8SjGyCOGtuasMWwvp2P4=
github.com/golang/snappy v0.0.1/go.mod h1:/XxbfmMg8lxefKM7IXC3fBNl/7bRcc72aCRzEWrmP2Q=
github.com/wfscheper/goavro/v2 v2.7.3 h1:6fd25IjBZDVjvxIXWUMbtWPTzjoCGPAZ5vjeRdAseYw=
github.com/wfscheper/goavro/v2 v2.7.3/go.mod h1:GvHe/lt77PcxWUHKJpdBEE5QAM7QnQlB1MtdT6YhBJ0=
